
Microsoft Visual Studio Solution File, Format Version 12.00
# Visual Studio Version 17
VisualStudioVersion = 17.9.34622.214
MinimumVisualStudioVersion = 10.0.40219.1
Project("{FAE04EC0-301F-11D3-BF4B-00C04F79EFBC}") = "Earth", "Earth\Earth.csproj", "{6810EE6D-A54C-4796-ADB3-48FAE239967C}"
EndProject
Global
	GlobalSection(SolutionConfigurationPlatforms) = preSolution
		Debug|Any CPU = Debug|Any CPU
		Release|Any CPU = Release|Any CPU
	EndGlobalSection
	GlobalSection(ProjectConfigurationPlatforms) = postSolution
		{6810EE6D-A54C-4796-ADB3-48FAE239967C}.Debug|Any CPU.ActiveCfg = Debug|Any CPU
		{6810EE6D-A54C-4796-ADB3-48FAE239967C}.Debug|Any CPU.Build.0 = Debug|Any CPU
		{6810EE6D-A54C-4796-ADB3-48FAE239967C}.Release|Any CPU.ActiveCfg = Release|Any CPU
		{6810EE6D-A54C-4796-ADB3-48FAE239967C}.Release|Any CPU.Build.0 = Release|Any CPU
	EndGlobalSection
	GlobalSection(SolutionProperties) = preSolution
		HideSolutionNode = FALSE
	EndGlobalSection
	GlobalSection(ExtensibilityGlobals) = postSolution
		SolutionGuid = {A46C689B-23CA-4E1A-A694-C72AACF08DD7}
	EndGlobalSection
EndGlobal
